
Microsoft Visual Studio Solution File, Format Version 12.00
# Visual Studio Version 16
VisualStudioVersion = 16.0.32413.511
MinimumVisualStudioVersion = 10.0.40219.1
Project("{9A19103F-16F7-4668-BE54-9A1E7A4F7556}") = "Talking_PerfMon", "Jarvis TTS Engine\Talking_PerfMon.csproj", "{FCE1DA2F-1A42-4468-9603-7A2D06912BC8}"
EndProject
Global
	GlobalSection(SolutionConfigurationPlatforms) = preSolution
		Debug|Any CPU = Debug|Any CPU
		Release|Any CPU = Release|Any CPU
	EndGlobalSection
	GlobalSection(ProjectConfigurationPlatforms) = postSolution
		{FCE1DA2F-1A42-4468-9603-7A2D06912BC8}.Debug|Any CPU.ActiveCfg = Debug|Any CPU
		{FCE1DA2F-1A42-4468-9603-7A2D06912BC8}.Debug|Any CPU.Build.0 = Debug|Any CPU
		{FCE1DA2F-1A42-4468-9603-7A2D06912BC8}.Release|Any CPU.ActiveCfg = Release|Any CPU
		{FCE1DA2F-1A42-4468-9603-7A2D06912BC8}.Release|Any CPU.Build.0 = Release|Any CPU
	EndGlobalSection
	GlobalSection(SolutionProperties) = preSolution
		HideSolutionNode = FALSE
	EndGlobalSection
	GlobalSection(ExtensibilityGlobals) = postSolution
		SolutionGuid = {90DF6270-4390-414B-9774-9A67F1D741EA}
	EndGlobalSection
EndGlobal
